// !$*UTF8*$!
{
	archiveVersion = 1;
	classes = {
	};
	objectVersion = 50;
	objects = {

/* Begin PBXBuildFile section */
		888F6047226B41F500DA1CC3 /* AppDelegate.m in Sources */ = {isa = PBXBuildFile; fileRef = 888F6046226B41F500DA1CC3 /* AppDelegate.m */; };
		888F604A226B41F500DA1CC3 /* ViewController.m in Sources */ = {isa = PBXBuildFile; fileRef = 888F6049226B41F500DA1CC3 /* ViewController.m */; };
		888F604D226B41F500DA1CC3 /* Main.storyboard in Resources */ = {isa = PBXBuildFile; fileRef = 888F604B226B41F500DA1CC3 /* Main.storyboard */; };
		888F604F226B41F600DA1CC3 /* Assets.xcassets in Resources */ = {isa = PBXBuildFile; fileRef = 888F604E226B41F600DA1CC3 /* Assets.xcassets */; };
		888F6052226B41F600DA1CC3 /* LaunchScreen.storyboard in Resources */ = {isa = PBXBuildFile; fileRef = 888F6050226B41F600DA1CC3 /* LaunchScreen.storyboard */; };
		888F6055226B41F600DA1CC3 /* main.m in Sources */ = {isa = PBXBuildFile; fileRef = 888F6054226B41F600DA1CC3 /* main.m */; };
		888F6060226B426B00DA1CC3 /* AZRect.m in Sources */ = {isa = PBXBuildFile; fileRef = 888F605F226B426B00DA1CC3 /* AZRect.m */; };
/* End PBXBuildFile section */

/* Begin PBXFileReference section */
		888F6042226B41F500DA1CC3 /* Homework_2_UIKit.app */ = {isa = PBXFileReference; explicitFileType = wrapper.application; includeInIndex = 0; path = Homework_2_UIKit.app; sourceTree = BUILT_PRODUCTS_DIR; };
		888F6045226B41F500DA1CC3 /* AppDelegate.h */ = {isa = PBXFileReference; lastKnownFileType = sourcecode.c.h; path = AppDelegate.h; sourceTree = "<group>"; };
		888F6046226B41F500DA1CC3 /* AppDelegate.m */ = {isa = PBXFileReference; lastKnownFileType = sourcecode.c.objc; path = AppDelegate.m; sourceTree = "<group>"; };
		888F6048226B41F500DA1CC3 /* ViewController.h */ = {isa = PBXFileReference; lastKnownFileType = sourcecode.c.h; path = ViewController.h; sourceTree = "<group>"; };
		888F6049226B41F500DA1CC3 /* ViewController.m */ = {isa = PBXFileReference; lastKnownFileType = sourcecode.c.objc; path = ViewController.m; sourceTree = "<group>"; };
		888F604C226B41F500DA1CC3 /* Base */ = {isa = PBXFileReference; lastKnownFileType = file.storyboard; name = Base; path = Base.lproj/Main.storyboard; sourceTree = "<group>"; };
		888F604E226B41F600DA1CC3 /* Assets.xcassets */ = {isa = PBXFileReference; lastKnownFileType = folder.assetcatalog; path = Assets.xcassets; sourceTree = "<group>"; };
		888F6051226B41F600DA1CC3 /* Base */ = {isa = PBXFileReference; lastKnownFileType = file.storyboard; name = Base; path = Base.lproj/LaunchScreen.storyboard; sourceTree = "<group>"; };
		888F6053226B41F600DA1CC3 /* Info.plist */ = {isa = PBXFileReference; lastKnownFileType = text.plist.xml; path = Info.plist; sourceTree = "<group>"; };
		888F6054226B41F600DA1CC3 /* main.m */ = {isa = PBXFileReference; lastKnownFileType = sourcecode.c.objc; path = main.m; sourceTree = "<group>"; };
		888F605E226B426B00DA1CC3 /* AZRect.h */ = {isa = PBXFileReference; lastKnownFileType = sourcecode.c.h; path = AZRect.h; sourceTree = "<group>"; };
		888F605F226B426B00DA1CC3 /* AZRect.m */ = {isa = PBXFileReference; lastKnownFileType = sourcecode.c.objc; path = AZRect.m; sourceTree = "<group>"; };
/* End PBXFileReference section */

/* Begin PBXFrameworksBuildPhase section */
		888F603F226B41F500DA1CC3 /* Frameworks */ = {
			isa = PBXFrameworksBuildPhase;
			buildActionMask = 2147483647;
			files = (
			);
			runOnlyForDeploymentPostprocessing = 0;
		};
/* End PBXFrameworksBuildPhase section */

/* Begin PBXGroup section */
		888F6039226B41F500DA1CC3 = {
			isa = PBXGroup;
			children = (
				888F6044226B41F500DA1CC3 /* Homework_2_UIKit */,
				888F6043226B41F500DA1CC3 /* Products */,
			);
			sourceTree = "<group>";
		};
		888F6043226B41F500DA1CC3 /* Products */ = {
			isa = PBXGroup;
			children = (
				888F6042226B41F500DA1CC3 /* Homework_2_UIKit.app */,
			);
			name = Products;
			sourceTree = "<group>";
		};
		888F6044226B41F500DA1CC3 /* Homework_2_UIKit */ = {
			isa = PBXGroup;
			children = (
				888F6045226B41F500DA1CC3 /* AppDelegate.h */,
				888F6046226B41F500DA1CC3 /* AppDelegate.m */,
				888F6048226B41F500DA1CC3 /* ViewController.h */,
				888F6049226B41F500DA1CC3 /* ViewController.m */,
				888F604B226B41F500DA1CC3 /* Main.storyboard */,
				888F604E226B41F600DA1CC3 /* Assets.xcassets */,
				888F6050226B41F600DA1CC3 /* LaunchScreen.storyboard */,
				888F6053226B41F600DA1CC3 /* Info.plist */,
				888F6054226B41F600DA1CC3 /* main.m */,
				888F605E226B426B00DA1CC3 /* AZRect.h */,
				888F605F226B426B00DA1CC3 /* AZRect.m */,
			);
			path = Homework_2_UIKit;
			sourceTree = "<group>";
		};
/* End PBXGroup section */

/* Begin PBXNativeTarget section */
		888F6041226B41F500DA1CC3 /* Homework_2_UIKit */ = {
			isa = PBXNativeTarget;
			buildConfigurationList = 888F6058226B41F600DA1CC3 /* Build configuration list for PBXNativeTarget "Homework_2_UIKit" */;
			buildPhases = (
				888F603E226B41F500DA1CC3 /* Sources */,
				888F603F226B41F500DA1CC3 /* Frameworks */,
				888F6040226B41F500DA1CC3 /* Resources */,
			);
			buildRules = (
			);
			dependencies = (
			);
			name = Homework_2_UIKit;
			productName = Homework_2_UIKit;
			productReference = 888F6042226B41F500DA1CC3 /* Homework_2_UIKit.app */;
			productType = "com.apple.product-type.application";
		};
/* End PBXNativeTarget section */

/* Begin PBXProject section */
		888F603A226B41F500DA1CC3 /* Project object */ = {
			isa = PBXProject;
			attributes = {
				LastUpgradeCheck = 1010;
				ORGANIZATIONNAME = Zolotoverkhov;
				TargetAttributes = {
					888F6041226B41F500DA1CC3 = {
						CreatedOnToolsVersion = 10.1;
					};
				};
			};
			buildConfigurationList = 888F603D226B41F500DA1CC3 /* Build configuration list for PBXProject "Homework_2_UIKit" */;
			compatibilityVersion = "Xcode 9.3";
			developmentRegion = en;
			hasScannedForEncodings = 0;
			knownRegions = (
				en,
				Base,
			);
			mainGroup = 888F6039226B41F500DA1CC3;
			productRefGroup = 888F6043226B41F500DA1CC3 /* Products */;
			projectDirPath = "";
			projectRoot = "";
			targets = (
				888F6041226B41F500DA1CC3 /* Homework_2_UIKit */,
			);
		};
/* End PBXProject section */

/* Begin PBXResourcesBuildPhase section */
		888F6040226B41F500DA1CC3 /* Resources */ = {
			isa = PBXResourcesBuildPhase;
			buildActionMask = 2147483647;
			files = (
				888F6052226B41F600DA1CC3 /* LaunchScreen.storyboard in Resources */,
				888F604F226B41F600DA1CC3 /* Assets.xcassets in Resources */,
				888F604D226B41F500DA1CC3 /* Main.storyboard in Resources */,
			);
			runOnlyForDeploymentPostprocessing = 0;
		};
/* End PBXResourcesBuildPhase section */

/* Begin PBXSourcesBuildPhase section */
		888F603E226B41F500DA1CC3 /* Sources */ = {
			isa = PBXSourcesBuildPhase;
			buildActionMask = 2147483647;
			files = (
				888F6060226B426B00DA1CC3 /* AZRect.m in Sources */,
				888F604A226B41F500DA1CC3 /* ViewController.m in Sources */,
				888F6055226B41F600DA1CC3 /* main.m in Sources */,
				888F6047226B41F500DA1CC3 /* AppDelegate.m in Sources */,
			);
			runOnlyForDeploymentPostprocessing = 0;
		};
/* End PBXSourcesBuildPhase section */

/* Begin PBXVariantGroup section */
		888F604B226B41F500DA1CC3 /* Main.storyboard */ = {
			isa = PBXVariantGroup;
			children = (
				888F604C226B41F500DA1CC3 /* Base */,
			);
			name = Main.storyboard;
			sourceTree = "<group>";
		};
		888F6050226B41F600DA1CC3 /* LaunchScreen.storyboard */ = {
			isa = PBXVariantGroup;
			children = (
				888F6051226B41F600DA1CC3 /* Base */,
			);
			name = LaunchScreen.storyboard;
			sourceTree = "<group>";
		};
/* End PBXVariantGroup section */

/* Begin XCBuildConfiguration section */
		888F6056226B41F600DA1CC3 /* Debug */ = {
			isa = XCBuildConfiguration;
			buildSettings = {
				ALWAYS_SEARCH_USER_PATHS = NO;
				CLANG_ANALYZER_NONNULL = YES;
				CLANG_ANALYZER_NUMBER_OBJECT_CONVERSION = YES_AGGRESSIVE;
				CLANG_CXX_LANGUAGE_STANDARD = "gnu++14";
				CLANG_CXX_LIBRARY = "libc++";
				CLANG_ENABLE_MODULES = YES;
				CLANG_ENABLE_OBJC_ARC = YES;
				CLANG_ENABLE_OBJC_WEAK = YES;
				CLANG_WARN_BLOCK_CAPTURE_AUTORELEASING = YES;
				CLANG_WARN_BOOL_CONVERSION = YES;
				CLANG_WARN_COMMA = YES;
				CLANG_WARN_CONSTANT_CONVERSION = YES;
				CLANG_WARN_DEPRECATED_OBJC_IMPLEMENTATIONS = YES;
				CLANG_WARN_DIRECT_OBJC_ISA_USAGE = YES_ERROR;
				CLANG_WARN_DOCUMENTATION_COMMENTS = YES;
				CLANG_WARN_EMPTY_BODY = YES;
				CLANG_WARN_ENUM_CONVERSION = YES;
				CLANG_WARN_INFINITE_RECURSION = YES;
				CLANG_WARN_INT_CONVERSION = YES;
				CLANG_WARN_NON_LITERAL_NULL_CONVERSION = YES;
				CLANG_WARN_OBJC_IMPLICIT_RETAIN_SELF = YES;
				CLANG_WARN_OBJC_LITERAL_CONVERSION = YES;
				CLANG_WARN_OBJC_ROOT_CLASS = YES_ERROR;
				CLANG_WARN_RANGE_LOOP_ANALYSIS = YES;
				CLANG_WARN_STRICT_PROTOTYPES = YES;
				CLANG_WARN_SUSPICIOUS_MOVE = YES;
				CLANG_WARN_UNGUARDED_AVAILABILITY = YES_AGGRESSIVE;
				CLANG_WARN_UNREACHABLE_CODE = YES;
				CLANG_WARN__DUPLICATE_METHOD_MATCH = YES;
				CODE_SIGN_IDENTITY = "iPhone Developer";
				COPY_PHASE_STRIP = NO;
				DEBUG_INFORMATION_FORMAT = dwarf;
				ENABLE_STRICT_OBJC_MSGSEND = YES;
				ENABLE_TESTABILITY = YES;
				GCC_C_LANGUAGE_STANDARD = gnu11;
				GCC_DYNAMIC_NO_PIC = NO;
				GCC_NO_COMMON_BLOCKS = YES;
				GCC_OPTIMIZATION_LEVEL = 0;
				GCC_PREPROCESSOR_DEFINITIONS = (
					"DEBUG=1",
					"$(inherited)",
				);
				GCC_WARN_64_TO_32_BIT_CONVERSION = YES;
				GCC_WARN_ABOUT_RETURN_TYPE = YES_ERROR;
				GCC_WARN_UNDECLARED_SELECTOR = YES;
				GCC_WARN_UNINITIALIZED_AUTOS = YES_AGGRESSIVE;
				GCC_WARN_UNUSED_FUNCTION = YES;
				GCC_WARN_UNUSED_VARIABLE = YES;
				IPHONEOS_DEPLOYMENT_TARGET = 12.1;
				MTL_ENABLE_DEBUG_INFO = INCLUDE_SOURCE;
				MTL_FAST_MATH = YES;
				ONLY_ACTIVE_ARCH = YES;
				SDKROOT = iphoneos;
			};
			name = Debug;
		};
		888F6057226B41F600DA1CC3 /* Release */ = {
			isa = XCBuildConfiguration;
			buildSettings = {
				ALWAYS_SEARCH_USER_PATHS = NO;
				CLANG_ANALYZER_NONNULL = YES;
				CLANG_ANALYZER_NUMBER_OBJECT_CONVERSION = YES_AGGRESSIVE;
				CLANG_CXX_LANGUAGE_STANDARD = "gnu++14";
				CLANG_CXX_LIBRARY = "libc++";
				CLANG_ENABLE_MODULES = YES;
				CLANG_ENABLE_OBJC_ARC = YES;
				CLANG_ENABLE_OBJC_WEAK = YES;
				CLANG_WARN_BLOCK_CAPTURE_AUTORELEASING = YES;
				CLANG_WARN_BOOL_CONVERSION = YES;
				CLANG_WARN_COMMA = YES;
				CLANG_WARN_CONSTANT_CONVERSION = YES;
				CLANG_WARN_DEPRECATED_OBJC_IMPLEMENTATIONS = YES;
				CLANG_WARN_DIRECT_OBJC_ISA_USAGE = YES_ERROR;
				CLANG_WARN_DOCUMENTATION_COMMENTS = YES;
				CLANG_WARN_EMPTY_BODY = YES;
				CLANG_WARN_ENUM_CONVERSION = YES;
				CLANG_WARN_INFINITE_RECURSION = YES;
				CLANG_WARN_INT_CONVERSION = YES;
				CLANG_WARN_NON_LITERAL_NULL_CONVERSION = YES;
				CLANG_WARN_OBJC_IMPLICIT_RETAIN_SELF = YES;
				CLANG_WARN_OBJC_LITERAL_CONVERSION = YES;
				CLANG_WARN_OBJC_ROOT_CLASS = YES_ERROR;
				CLANG_WARN_RANGE_LOOP_ANALYSIS = YES;
				CLANG_WARN_STRICT_PROTOTYPES = YES;
				CLANG_WARN_SUSPICIOUS_MOVE = YES;
				CLANG_WARN_UNGUARDED_AVAILABILITY = YES_AGGRESSIVE;
				CLANG_WARN_UNREACHABLE_CODE = YES;
				CLANG_WARN__DUPLICATE_METHOD_MATCH = YES;
				CODE_SIGN_IDENTITY = "iPhone Developer";
				COPY_PHASE_STRIP = NO;
				DEBUG_INFORMATION_FORMAT = "dwarf-with-dsym";
				ENABLE_NS_ASSERTIONS = NO;
				ENABLE_STRICT_OBJC_MSGSEND = YES;
				GCC_C_LANGUAGE_STANDARD = gnu11;
				GCC_NO_COMMON_BLOCKS = YES;
				GCC_WARN_64_TO_32_BIT_CONVERSION = YES;
				GCC_WARN_ABOUT_RETURN_TYPE = YES_ERROR;
				GCC_WARN_UNDECLARED_SELECTOR = YES;
				GCC_WARN_UNINITIALIZED_AUTOS = YES_AGGRESSIVE;
				GCC_WARN_UNUSED_FUNCTION = YES;
				GCC_WARN_UNUSED_VARIABLE = YES;
				IPHONEOS_DEPLOYMENT_TARGET = 12.1;
				MTL_ENABLE_DEBUG_INFO = NO;
				MTL_FAST_MATH = YES;
				SDKROOT = iphoneos;
				VALIDATE_PRODUCT = YES;
			};
			name = Release;
		};
		888F6059226B41F600DA1CC3 /* Debug */ = {
			isa = XCBuildConfiguration;
			buildSettings = {
				ASSETCATALOG_COMPILER_APPICON_NAME = AppIcon;
				CODE_SIGN_STYLE = Automatic;
				DEVELOPMENT_TEAM = Q2B4X9FGD4;
				INFOPLIST_FILE = Homework_2_UIKit/Info.plist;
				LD_RUNPATH_SEARCH_PATHS = (
					"$(inherited)",
					"@executable_path/Frameworks",
				);
				PRODUCT_BUNDLE_IDENTIFIER = "zol.Homework-2-UIKit";
				PRODUCT_NAME = "$(TARGET_NAME)";
				TARGETED_DEVICE_FAMILY = "1,2";
			};
			name = Debug;
		};
		888F605A226B41F600DA1CC3 /* Release */ = {
			isa = XCBuildConfiguration;
			buildSettings = {
				ASSETCATALOG_COMPILER_APPICON_NAME = AppIcon;
				CODE_SIGN_STYLE = Automatic;
				DEVELOPMENT_TEAM = Q2B4X9FGD4;
				INFOPLIST_FILE = Homework_2_UIKit/Info.plist;
				LD_RUNPATH_SEARCH_PATHS = (
					"$(inherited)",
					"@executable_path/Frameworks",
				);
				PRODUCT_BUNDLE_IDENTIFIER = "zol.Homework-2-UIKit";
				PRODUCT_NAME = "$(TARGET_NAME)";
				TARGETED_DEVICE_FAMILY = "1,2";
			};
			name = Release;
		};
/* End XCBuildConfiguration section */

/* Begin XCConfigurationList section */
		888F603D226B41F500DA1CC3 /* Build configuration list for PBXProject "Homework_2_UIKit" */ = {
			isa = XCConfigurationList;
			buildConfigurations = (
				888F6056226B41F600DA1CC3 /* Debug */,
				888F6057226B41F600DA1CC3 /* Release */,
			);
			defaultConfigurationIsVisible = 0;
			defaultConfigurationName = Release;
		};
		888F6058226B41F600DA1CC3 /* Build configuration list for PBXNativeTarget "Homework_2_UIKit" */ = {
			isa = XCConfigurationList;
			buildConfigurations = (
				888F6059226B41F600DA1CC3 /* Debug */,
				888F605A226B41F600DA1CC3 /* Release */,
			);
			defaultConfigurationIsVisible = 0;
			defaultConfigurationName = Release;
		};
/* End XCConfigurationList section */
	};
	rootObject = 888F603A226B41F500DA1CC3 /* Project object */;
}
